
Microsoft Visual Studio Solution File, Format Version 12.00
# Visual Studio 15
VisualStudioVersion = 15.0.28307.1259
MinimumVisualStudioVersion = 10.0.40219.1
Project("{FAE04EC0-301F-11D3-BF4B-00C04F79EFBC}") = "StrategyPattern", "Behavioral\StrategyPattern\StrategyPattern.csproj", "{8D6185B4-07B0-4F4A-9AEC-99CBCA14F4F4}"
EndProject
Project("{FAE04EC0-301F-11D3-BF4B-00C04F79EFBC}") = "ObserverPattern", "Behavioral\ObserverPattern\ObserverPattern.csproj", "{20F2C2E8-77A3-46EA-874F-ECE77DBAC0C0}"
EndProject
Project("{FAE04EC0-301F-11D3-BF4B-00C04F79EFBC}") = "DecoratorPattern", "Structural\DecoratorPattern\DecoratorPattern.csproj", "{49200AFC-7038-4A04-866B-12055E63E32D}"
EndProject
Project("{FAE04EC0-301F-11D3-BF4B-00C04F79EFBC}") = "FactoryPattern", "Creational\FactoryPattern\FactoryPattern.csproj", "{79E02DDF-C7F9-4514-A5BE-63E722AD8018}"
EndProject
Project("{FAE04EC0-301F-11D3-BF4B-00C04F79EFBC}") = "AbstractFactoryPattern", "Creational\AbstractFactoryPattern\AbstractFactoryPattern.csproj", "{C47F5A69-2732-4EF4-B400-4372D32DB4A5}"
EndProject
Project("{FAE04EC0-301F-11D3-BF4B-00C04F79EFBC}") = "FlyweightPattern", "Structural\FlyweightPattern\FlyweightPattern.csproj", "{6656D79B-7B19-4BD7-AECB-B208F88F90E4}"
EndProject
Project("{FAE04EC0-301F-11D3-BF4B-00C04F79EFBC}") = "FacadePattern", "Structural\FacadePattern\FacadePattern.csproj", "{8A8E3569-FE6A-4FA4-89E0-19C422EC6AA8}"
EndProject
Project("{FAE04EC0-301F-11D3-BF4B-00C04F79EFBC}") = "AdapterPattern", "Structural\AdapterPattern\AdapterPattern.csproj", "{0285810A-D038-49DA-AF3C-FF6778D7997A}"
EndProject
Project("{FAE04EC0-301F-11D3-BF4B-00C04F79EFBC}") = "CommandPattern", "Behavioral\CommandPattern\CommandPattern.csproj", "{24DA2ABA-B0A3-40B5-8CDB-65D0B1B993DA}"
EndProject
Project("{FAE04EC0-301F-11D3-BF4B-00C04F79EFBC}") = "BridgePattern", "Structural\BridgePattern\BridgePattern.csproj", "{F5578B97-3479-4353-A0E0-1EECA0B53E4D}"
EndProject
Project("{FAE04EC0-301F-11D3-BF4B-00C04F79EFBC}") = "ProxyPattern", "Structural\ProxyPattern\ProxyPattern.csproj", "{5D1FADB5-DFA7-4AA4-B189-811C36125CA5}"
EndProject
Project("{FAE04EC0-301F-11D3-BF4B-00C04F79EFBC}") = "SingletonPattern", "Creational\SingletonPattern\SingletonPattern.csproj", "{A9CA42F3-2D4F-4D6D-B24C-DE728A627021}"
EndProject
Project("{2150E333-8FDC-42A3-9474-1A3956D46DE8}") = "Creational", "Creational", "{84D5C50B-3609-45F5-9811-BA5BCCA1A296}"
EndProject
Project("{2150E333-8FDC-42A3-9474-1A3956D46DE8}") = "Structural", "Structural", "{0BE8198C-F899-4B2D-B242-2FD830FC0261}"
EndProject
Project("{2150E333-8FDC-42A3-9474-1A3956D46DE8}") = "Behavioral", "Behavioral", "{6EDB202F-C4D6-4176-8970-3684C581E980}"
EndProject
Global
	GlobalSection(SolutionConfigurationPlatforms) = preSolution
		Debug|x64 = Debug|x64
		Release|x64 = Release|x64
	EndGlobalSection
	GlobalSection(ProjectConfigurationPlatforms) = postSolution
		{8D6185B4-07B0-4F4A-9AEC-99CBCA14F4F4}.Debug|x64.ActiveCfg = Debug|x64
		{8D6185B4-07B0-4F4A-9AEC-99CBCA14F4F4}.Debug|x64.Build.0 = Debug|x64
		{8D6185B4-07B0-4F4A-9AEC-99CBCA14F4F4}.Release|x64.ActiveCfg = Release|x64
		{8D6185B4-07B0-4F4A-9AEC-99CBCA14F4F4}.Release|x64.Build.0 = Release|x64
		{20F2C2E8-77A3-46EA-874F-ECE77DBAC0C0}.Debug|x64.ActiveCfg = Debug|x64
		{20F2C2E8-77A3-46EA-874F-ECE77DBAC0C0}.Debug|x64.Build.0 = Debug|x64
		{20F2C2E8-77A3-46EA-874F-ECE77DBAC0C0}.Release|x64.ActiveCfg = Release|x64
		{20F2C2E8-77A3-46EA-874F-ECE77DBAC0C0}.Release|x64.Build.0 = Release|x64
		{49200AFC-7038-4A04-866B-12055E63E32D}.Debug|x64.ActiveCfg = Debug|x64
		{49200AFC-7038-4A04-866B-12055E63E32D}.Debug|x64.Build.0 = Debug|x64
		{49200AFC-7038-4A04-866B-12055E63E32D}.Release|x64.ActiveCfg = Release|x64
		{49200AFC-7038-4A04-866B-12055E63E32D}.Release|x64.Build.0 = Release|x64
		{79E02DDF-C7F9-4514-A5BE-63E722AD8018}.Debug|x64.ActiveCfg = Debug|x64
		{79E02DDF-C7F9-4514-A5BE-63E722AD8018}.Debug|x64.Build.0 = Debug|x64
		{79E02DDF-C7F9-4514-A5BE-63E722AD8018}.Release|x64.ActiveCfg = Release|x64
		{79E02DDF-C7F9-4514-A5BE-63E722AD8018}.Release|x64.Build.0 = Release|x64
		{C47F5A69-2732-4EF4-B400-4372D32DB4A5}.Debug|x64.ActiveCfg = Debug|x64
		{C47F5A69-2732-4EF4-B400-4372D32DB4A5}.Debug|x64.Build.0 = Debug|x64
		{C47F5A69-2732-4EF4-B400-4372D32DB4A5}.Release|x64.ActiveCfg = Release|x64
		{C47F5A69-2732-4EF4-B400-4372D32DB4A5}.Release|x64.Build.0 = Release|x64
		{6656D79B-7B19-4BD7-AECB-B208F88F90E4}.Debug|x64.ActiveCfg = Debug|x64
		{6656D79B-7B19-4BD7-AECB-B208F88F90E4}.Debug|x64.Build.0 = Debug|x64
		{6656D79B-7B19-4BD7-AECB-B208F88F90E4}.Release|x64.ActiveCfg = Release|x64
		{6656D79B-7B19-4BD7-AECB-B208F88F90E4}.Release|x64.Build.0 = Release|x64
		{8A8E3569-FE6A-4FA4-89E0-19C422EC6AA8}.Debug|x64.ActiveCfg = Debug|x64
		{8A8E3569-FE6A-4FA4-89E0-19C422EC6AA8}.Debug|x64.Build.0 = Debug|x64
		{8A8E3569-FE6A-4FA4-89E0-19C422EC6AA8}.Release|x64.ActiveCfg = Release|x64
		{8A8E3569-FE6A-4FA4-89E0-19C422EC6AA8}.Release|x64.Build.0 = Release|x64
		{0285810A-D038-49DA-AF3C-FF6778D7997A}.Debug|x64.ActiveCfg = Debug|x64
		{0285810A-D038-49DA-AF3C-FF6778D7997A}.Debug|x64.Build.0 = Debug|x64
		{0285810A-D038-49DA-AF3C-FF6778D7997A}.Release|x64.ActiveCfg = Release|x64
		{0285810A-D038-49DA-AF3C-FF6778D7997A}.Release|x64.Build.0 = Release|x64
		{24DA2ABA-B0A3-40B5-8CDB-65D0B1B993DA}.Debug|x64.ActiveCfg = Debug|x64
		{24DA2ABA-B0A3-40B5-8CDB-65D0B1B993DA}.Debug|x64.Build.0 = Debug|x64
		{24DA2ABA-B0A3-40B5-8CDB-65D0B1B993DA}.Release|x64.ActiveCfg = Release|x64
		{24DA2ABA-B0A3-40B5-8CDB-65D0B1B993DA}.Release|x64.Build.0 = Release|x64
		{F5578B97-3479-4353-A0E0-1EECA0B53E4D}.Debug|x64.ActiveCfg = Debug|x64
		{F5578B97-3479-4353-A0E0-1EECA0B53E4D}.Debug|x64.Build.0 = Debug|x64
		{F5578B97-3479-4353-A0E0-1EECA0B53E4D}.Release|x64.ActiveCfg = Release|x64
		{F5578B97-3479-4353-A0E0-1EECA0B53E4D}.Release|x64.Build.0 = Release|x64
		{5D1FADB5-DFA7-4AA4-B189-811C36125CA5}.Debug|x64.ActiveCfg = Debug|x64
		{5D1FADB5-DFA7-4AA4-B189-811C36125CA5}.Debug|x64.Build.0 = Debug|x64
		{5D1FADB5-DFA7-4AA4-B189-811C36125CA5}.Release|x64.ActiveCfg = Release|x64
		{5D1FADB5-DFA7-4AA4-B189-811C36125CA5}.Release|x64.Build.0 = Release|x64
		{A9CA42F3-2D4F-4D6D-B24C-DE728A627021}.Debug|x64.ActiveCfg = Debug|x64
		{A9CA42F3-2D4F-4D6D-B24C-DE728A627021}.Debug|x64.Build.0 = Debug|x64
		{A9CA42F3-2D4F-4D6D-B24C-DE728A627021}.Release|x64.ActiveCfg = Release|x64
		{A9CA42F3-2D4F-4D6D-B24C-DE728A627021}.Release|x64.Build.0 = Release|x64
	EndGlobalSection
	GlobalSection(SolutionProperties) = preSolution
		HideSolutionNode = FALSE
	EndGlobalSection
	GlobalSection(NestedProjects) = preSolution
		{8D6185B4-07B0-4F4A-9AEC-99CBCA14F4F4} = {6EDB202F-C4D6-4176-8970-3684C581E980}
		{20F2C2E8-77A3-46EA-874F-ECE77DBAC0C0} = {6EDB202F-C4D6-4176-8970-3684C581E980}
		{49200AFC-7038-4A04-866B-12055E63E32D} = {0BE8198C-F899-4B2D-B242-2FD830FC0261}
		{79E02DDF-C7F9-4514-A5BE-63E722AD8018} = {84D5C50B-3609-45F5-9811-BA5BCCA1A296}
		{C47F5A69-2732-4EF4-B400-4372D32DB4A5} = {84D5C50B-3609-45F5-9811-BA5BCCA1A296}
		{6656D79B-7B19-4BD7-AECB-B208F88F90E4} = {0BE8198C-F899-4B2D-B242-2FD830FC0261}
		{8A8E3569-FE6A-4FA4-89E0-19C422EC6AA8} = {0BE8198C-F899-4B2D-B242-2FD830FC0261}
		{0285810A-D038-49DA-AF3C-FF6778D7997A} = {0BE8198C-F899-4B2D-B242-2FD830FC0261}
		{24DA2ABA-B0A3-40B5-8CDB-65D0B1B993DA} = {6EDB202F-C4D6-4176-8970-3684C581E980}
		{F5578B97-3479-4353-A0E0-1EECA0B53E4D} = {0BE8198C-F899-4B2D-B242-2FD830FC0261}
		{5D1FADB5-DFA7-4AA4-B189-811C36125CA5} = {0BE8198C-F899-4B2D-B242-2FD830FC0261}
		{A9CA42F3-2D4F-4D6D-B24C-DE728A627021} = {84D5C50B-3609-45F5-9811-BA5BCCA1A296}
	EndGlobalSection
	GlobalSection(ExtensibilityGlobals) = postSolution
		SolutionGuid = {8C3F9BA9-68A3-4E74-BEB0-4B7994A71622}
	EndGlobalSection
EndGlobal
